<?xml version="1.0" encoding="utf-8"?>
<Project ToolsVersion="4.0" xmlns="http://schemas.microsoft.com/developer/msbuild/2003">
  <ItemGroup>
    <Filter Include="Source Files">
      <UniqueIdentifier>{4FC737F1-C7A5-4376-A066-2A32D752A2FF}</UniqueIdentifier>
      <Extensions>cpp;c;cc;cxx;c++;cppm;ixx;def;odl;idl;hpj;bat;asm;asmx</Extensions>
    </Filter>
    <Filter Include="Header Files">
      <UniqueIdentifier>{93995380-89BD-4b04-88EB-625FBE52EBFB}</UniqueIdentifier>
      <Extensions>h;hh;hpp;hxx;h++;hm;inl;inc;ipp;xsd</Extensions>
    </Filter>
    <Filter Include="Resource Files">
      <UniqueIdentifier>{67DA6AB6-F800-4c08-8B7A-83BB121AAD01}</UniqueIdentifier>
      <Extensions>rc;ico;cur;bmp;dlg;rc2;rct;bin;rgs;gif;jpg;jpeg;jpe;resx;tiff;tif;png;wav;mfcribbon-ms</Extensions>
    </Filter>
    <Filter Include="README">
      <UniqueIdentifier>{ba8a2588-f28c-49bf-835e-93c6f5721011}</UniqueIdentifier>
    </Filter>
    <Filter Include="Source Files\Character">
      <UniqueIdentifier>{ef3549ba-525b-455d-8568-0aa6529815fb}</UniqueIdentifier>
    </Filter>
    <Filter Include="Header Files\Character">
      <UniqueIdentifier>{34a4918a-e842-4de1-b610-7ffa61e49cfe}</UniqueIdentifier>
    </Filter>
    <Filter Include="Source Files\Item">
      <UniqueIdentifier>{bf621cae-a9a2-43cd-94dc-7f174d6f2986}</UniqueIdentifier>
    </Filter>
    <Filter Include="Header Files\Item">
      <UniqueIdentifier>{da5c4279-38ba-4111-9366-3728081371f9}</UniqueIdentifier>
    </Filter>
    <Filter Include="Source Files\Logic">
      <UniqueIdentifier>{2cd85998-7a95-4725-b240-28b9ac96f48c}</UniqueIdentifier>
    </Filter>
    <Filter Include="Header Files\Logic">
      <UniqueIdentifier>{4cec6df0-ee6c-42d2-97d6-836a1bb751b2}</UniqueIdentifier>
    </Filter>
    <Filter Include="Header Files\Static">
      <UniqueIdentifier>{026e2b23-7018-497a-bc50-e45539c60568}</UniqueIdentifier>
    </Filter>
    <Filter Include="Source Files\Static">
      <UniqueIdentifier>{39fe5dc3-68aa-4aa2-8abe-162409654013}</UniqueIdentifier>
    </Filter>
    <Filter Include="Header Files\Manager">
      <UniqueIdentifier>{9938de80-1e20-4086-a037-1fba61fc4da1}</UniqueIdentifier>
    </Filter>
    <Filter Include="Source Files\Manager">
      <UniqueIdentifier>{292053fa-3739-42dd-ac25-e8463e231be4}</UniqueIdentifier>
    </Filter>
    <Filter Include="Header Files\UI">
      <UniqueIdentifier>{8ea3feed-d87a-4a12-a702-cee8f51a1d26}</UniqueIdentifier>
    </Filter>
    <Filter Include="Source Files\UI">
      <UniqueIdentifier>{94a3be1f-63e1-47ed-91eb-3049a6f1a718}</UniqueIdentifier>
    </Filter>
    <Filter Include="Header Files\Render">
      <UniqueIdentifier>{95cd178f-92b4-4001-8d8d-0a660c3e54ec}</UniqueIdentifier>
    </Filter>
    <Filter Include="Source Files\Render">
      <UniqueIdentifier>{19d56fb0-a554-425a-a0b2-f59585a37feb}</UniqueIdentifier>
    </Filter>
  </ItemGroup>
  <ItemGroup>
    <ClCompile Include="main.cpp">
      <Filter>Source Files</Filter>
    </ClCompile>
    <ClCompile Include="pch.cpp">
      <Filter>Source Files</Filter>
    </ClCompile>
    <ClCompile Include="Character.cpp">
      <Filter>Source Files\Character</Filter>
    </ClCompile>
    <ClCompile Include="Consumable.cpp">
      <Filter>Source Files\Item</Filter>
    </ClCompile>
    <ClCompile Include="Database.cpp">
      <Filter>Source Files\Static</Filter>
    </ClCompile>
    <ClCompile Include="Equipment.cpp">
      <Filter>Source Files\Item</Filter>
    </ClCompile>
    <ClCompile Include="Inventory.cpp">
      <Filter>Source Files\Logic</Filter>
    </ClCompile>
    <ClCompile Include="Item.cpp">
      <Filter>Source Files\Item</Filter>
    </ClCompile>
    <ClCompile Include="MainGame.cpp">
      <Filter>Source Files\Manager</Filter>
    </ClCompile>
    <ClCompile Include="Misc.cpp">
      <Filter>Source Files\Item</Filter>
    </ClCompile>
    <ClCompile Include="Monster.cpp">
      <Filter>Source Files\Character</Filter>
    </ClCompile>
    <ClCompile Include="Player.cpp">
      <Filter>Source Files\Character</Filter>
    </ClCompile>
    <ClCompile Include="SaveGame.cpp">
      <Filter>Source Files\Manager</Filter>
    </ClCompile>
    <ClCompile Include="Store.cpp">
      <Filter>Source Files\Logic</Filter>
    </ClCompile>
    <ClCompile Include="UserInterface.cpp">
      <Filter>Source Files\UI</Filter>
    </ClCompile>
    <ClCompile Include="Renderer.cpp">
      <Filter>Source Files\Render</Filter>
    </ClCompile>
  </ItemGroup>
  <ItemGroup>
    <ClInclude Include="pch.h">
      <Filter>Header Files</Filter>
    </ClInclude>
    <ClInclude Include="Character.h">
      <Filter>Header Files\Character</Filter>
    </ClInclude>
    <ClInclude Include="Consumable.h">
      <Filter>Header Files\Item</Filter>
    </ClInclude>
    <ClInclude Include="Database.h">
      <Filter>Header Files\Static</Filter>
    </ClInclude>
    <ClInclude Include="Enum.h">
      <Filter>Header Files\Static</Filter>
    </ClInclude>
    <ClInclude Include="Equipment.h">
      <Filter>Header Files\Item</Filter>
    </ClInclude>
    <ClInclude Include="Inventory.h">
      <Filter>Header Files\Logic</Filter>
    </ClInclude>
    <ClInclude Include="Item.h">
      <Filter>Header Files\Item</Filter>
    </ClInclude>
    <ClInclude Include="MainGame.h">
      <Filter>Header Files\Manager</Filter>
    </ClInclude>
    <ClInclude Include="Memory.h">
      <Filter>Header Files\Static</Filter>
    </ClInclude>
    <ClInclude Include="Misc.h">
      <Filter>Header Files\Item</Filter>
    </ClInclude>
    <ClInclude Include="Monster.h">
      <Filter>Header Files\Character</Filter>
    </ClInclude>
    <ClInclude Include="Player.h">
      <Filter>Header Files\Character</Filter>
    </ClInclude>
    <ClInclude Include="Random.h">
      <Filter>Header Files\Static</Filter>
    </ClInclude>
    <ClInclude Include="SaveGame.h">
      <Filter>Header Files\Manager</Filter>
    </ClInclude>
    <ClInclude Include="Store.h">
      <Filter>Header Files\Logic</Filter>
    </ClInclude>
    <ClInclude Include="Types.h">
      <Filter>Header Files\Static</Filter>
    </ClInclude>
    <ClInclude Include="UserInterface.h">
      <Filter>Header Files\UI</Filter>
    </ClInclude>
    <ClInclude Include="Renderer.h">
      <Filter>Header Files\Render</Filter>
    </ClInclude>
  </ItemGroup>
  <ItemGroup>
    <None Include="..\README.md">
      <Filter>README</Filter>
    </None>
  </ItemGroup>
</Project>